{
  "nodes": {
    "devenv": {
      "locked": {
        "dir": "src/modules",
        "lastModified": 1790279626,
        "narHash": "sha256-HiuRv/FmNJ6V1A2QhqA5ruV8E5rh0f/vRGMHCWXcWO8=",
        "owner": "cachix",
        "repo": "devenv",
        "rev": "37be4a21c35e3baa56abb00d1721c2e87e6e93d1",
        "type": "github"
      },
      "original": {
        "dir": "src/modules",
        "owner": "cachix",
        "repo": "devenv",
        "type": "github"
      }
    },
    "nixpkgs": {
      "locked": {
        "lastModified": 1790238896,
        "narHash": "sha256-ym4BG18Pu2awiJIehla1Lo9xiB2QYRcCzW3SB74gEBY=",
        "owner": "NixOS",
        "repo": "nixpkgs",
        "rev": "34ca302a9572963c02e385c056be37c85ff51b77",
        "type": "github"
      },
      "original": {
        "owner": "NixOS",
        "ref": "nixpkgs-unstable",
        "repo": "nixpkgs",
        "type": "github"
      }
    },
    "root": {
      "inputs": {
        "devenv": "devenv",
        "nixpkgs": "nixpkgs"
      }
    }
  },
  "root": "root",
  "version": 7
}
